{
  "name": "db-migrations",
  "version": "1.0.0",
  "lockfileVersion": 3,
  "requires": true,
  "packages": {
    "": {
      "name": "db-migrations",
      "version": "1.0.0",
      "dependencies": {
        "@databases/pg": "^5.x"
      }
    },
    "node_modules/@babel/code-frame": {
      "version": "7.27.1",
      "resolved": "https://registry.npmjs.org/@babel/code-frame/-/code-frame-7.27.1.tgz",
      "integrity": "sha512-cjQ7ZlQ0Mv3b47hABuTevyTuYN4i+loJKGeV9flcCgIK37cCXRh+L1bd3iBHlynerhQ7BhCkn2BPbQUL+rGqFg==",
      "license": "MIT",
      "dependencies": {
        "@babel/helper-validator-identifier": "^7.27.1",
        "js-tokens": "^4.0.0",
        "picocolors": "^1.1.1"
      },
      "engines": {
        "node": ">=6.9.0"
      }
    },
    "node_modules/@babel/helper-validator-identifier": {
      "version": "7.27.1",
      "resolved": "https://registry.npmjs.org/@babel/helper-validator-identifier/-/helper-validator-identifier-7.27.1.tgz",
      "integrity": "sha512-D2hP9eA+Sqx1kBZgzxZh0y1trbuU+JoDkiEwqhQ36nodYqJwyEIhPSdMNd7lOm/4io72luTPWH20Yda0xOuUow==",
      "license": "MIT",
      "engines": {
        "node": ">=6.9.0"
      }
    },
    "node_modules/@databases/connection-pool": {
      "version": "1.1.0",
      "resolved": "https://registry.npmjs.org/@databases/connection-pool/-/connection-pool-1.1.0.tgz",
      "integrity": "sha512-/12/SNgl0V77mJTo5SX3yGPz4c9XGQwAlCfA0vlfs/0HcaErNpYXpmhj0StET07w6TmTJTnaUgX2EPcQK9ez5A==",
      "license": "MIT",
      "dependencies": {
        "@databases/queue": "^1.0.0",
        "is-promise": "^4.0.0"
      }
    },
    "node_modules/@databases/escape-identifier": {
      "version": "1.0.3",
      "resolved": "https://registry.npmjs.org/@databases/escape-identifier/-/escape-identifier-1.0.3.tgz",
      "integrity": "sha512-Su36iSVzaHxpVdISVMViUX/32sLvzxVgjZpYhzhotxZUuLo11GVWsiHwqkvUZijTLUxcDmUqEwGJO3O/soLuZA==",
      "license": "MIT",
      "dependencies": {
        "@databases/validate-unicode": "^1.0.0"
      }
    },
    "node_modules/@databases/lock": {
      "version": "2.1.0",
      "resolved": "https://registry.npmjs.org/@databases/lock/-/lock-2.1.0.tgz",
      "integrity": "sha512-ReWnFE5qeCuO2SA5h5fDh/hE/vMolA+Epe6xkAQP1FL2nhnsTCYwN2JACk/kWctR4OQoh0njBjPZ0yfIptclcA==",
      "license": "MIT",
      "dependencies": {
        "@databases/queue": "^1.0.0"
      }
    },
    "node_modules/@databases/pg": {
      "version": "5.5.0",
      "resolved": "https://registry.npmjs.org/@databases/pg/-/pg-5.5.0.tgz",
      "integrity": "sha512-WIojK9AYIlNi5YRfc5YUOow3PQ82ClmwT9HG3nEsKLUERYieoVmHMYDQLS0ry6FjgJx+2yFs7LCw4kZpWu1TBw==",
      "license": "MIT",
      "dependencies": {
        "@babel/code-frame": "^7.0.0",
        "@databases/escape-identifier": "^1.0.3",
        "@databases/pg-config": "^3.2.0",
        "@databases/pg-connection-string": "^1.0.0",
        "@databases/pg-data-type-id": "^3.0.0",
        "@databases/pg-errors": "^1.0.0",
        "@databases/push-to-async-iterable": "^3.0.0",
        "@databases/shared": "^3.1.0",
        "@databases/split-sql-query": "^1.0.4",
        "@databases/sql": "^3.3.0",
        "assert-never": "^1.2.1",
        "pg": "^8.4.2",
        "pg-cursor": "^2.4.2"
      }
    },
    "node_modules/@databases/pg-config": {
      "version": "3.4.0",
      "resolved": "https://registry.npmjs.org/@databases/pg-config/-/pg-config-3.4.0.tgz",
      "integrity": "sha512-4dYiTbHjzyQfEfaIGkh3uCBNBRWPs5Jcws94cFagLAGnjO/TcghC7oexzC81+bIADLDlpCw7DEWJAK/gNSQxkw==",
      "license": "MIT",
      "dependencies": {
        "cosmiconfig": "^8.1.0",
        "funtypes": "^4.1.0"
      }
    },
    "node_modules/@databases/pg-connection-string": {
      "version": "1.0.0",
      "resolved": "https://registry.npmjs.org/@databases/pg-connection-string/-/pg-connection-string-1.0.0.tgz",
      "integrity": "sha512-8czOF9jlv7PlS7BPjnL82ynpDs1t8cu+C2jvdtMr37e8daPKMS7n1KfNE9xtr2Gq4QYKjynep097eYa5yIwcLA==",
      "license": "MIT"
    },
    "node_modules/@databases/pg-data-type-id": {
      "version": "3.0.0",
      "resolved": "https://registry.npmjs.org/@databases/pg-data-type-id/-/pg-data-type-id-3.0.0.tgz",
      "integrity": "sha512-VqW1csN8pRsWJxjPsGIC9FQ8wyenfmGv0P//BaeDMAu/giM3IXKxKM8fkScUSQ00uqFK/L1iHS5g6dgodF3XzA==",
      "license": "MIT"
    },
    "node_modules/@databases/pg-errors": {
      "version": "1.0.0",
      "resolved": "https://registry.npmjs.org/@databases/pg-errors/-/pg-errors-1.0.0.tgz",
      "integrity": "sha512-Yz3exbptZwOn4ZD/MSwY6z++XVyOFsMh5DERvSw3awRwJFnfdaqdeiIxxX0MVjM6KPihF0xxp8lPO7vTc5ydpw==",
      "license": "MIT"
    },
    "node_modules/@databases/push-to-async-iterable": {
      "version": "3.0.0",
      "resolved": "https://registry.npmjs.org/@databases/push-to-async-iterable/-/push-to-async-iterable-3.0.0.tgz",
      "integrity": "sha512-xwu/yNgINdMU+fn6UwFsxh+pa6UrVPafY+0qm0RK0/nKyjllfDqSbwK4gSmdmLEwPYxKwch9CAE3P8NxN1hPSg==",
      "license": "MIT",
      "dependencies": {
        "@databases/queue": "^1.0.0"
      }
    },
    "node_modules/@databases/queue": {
      "version": "1.0.1",
      "resolved": "https://registry.npmjs.org/@databases/queue/-/queue-1.0.1.tgz",
      "integrity": "sha512-dqRU+/aQ4lhFzjPIkIhjB0+UEKMb76FoBgHOJUTcEblgatr/IhdhHliT3VVwcImXh35Mz297PAXE4yFM4eYWUQ==",
      "license": "MIT"
    },
    "node_modules/@databases/shared": {
      "version": "3.1.0",
      "resolved": "https://registry.npmjs.org/@databases/shared/-/shared-3.1.0.tgz",
      "integrity": "sha512-bO1DIYAYDiWOCqVPvBio1JqZQYh4dph2M1av2w/REeFT6WBd64mTrOFlcxKV0CUAYT0UiJsDfPqEfw0/APRzWg==",
      "license": "MIT",
      "dependencies": {
        "@databases/connection-pool": "^1.1.0",
        "@databases/lock": "^2.1.0",
        "@databases/queue": "^1.0.1",
        "@databases/split-sql-query": "^1.0.4",
        "@databases/sql": "^3.3.0"
      }
    },
    "node_modules/@databases/split-sql-query": {
      "version": "1.0.4",
      "resolved": "https://registry.npmjs.org/@databases/split-sql-query/-/split-sql-query-1.0.4.tgz",
      "integrity": "sha512-lDqDQvH34NNjLs0knaDvL6HKgPtishQlDYHfOkvbAd5VQOEhcDvvmG2zbBuFvS2HQAz5NsyLj5erGaxibkxhvQ==",
      "license": "MIT",
      "peerDependencies": {
        "@databases/sql": "*"
      }
    },
    "node_modules/@databases/sql": {
      "version": "3.3.0",
      "resolved": "https://registry.npmjs.org/@databases/sql/-/sql-3.3.0.tgz",
      "integrity": "sha512-vj9huEy4mjJ48GS1Z8yvtMm4BYAnFYACUds25ym6Gd/gsnngkJ17fo62a6mmbNNwCBS/8467PmZR01Zs/06TjA==",
      "license": "MIT"
    },
    "node_modules/@databases/validate-unicode": {
      "version": "1.0.0",
      "resolved": "https://registry.npmjs.org/@databases/validate-unicode/-/validate-unicode-1.0.0.tgz",
      "integrity": "sha512-dLKqxGcymeVwEb/6c44KjOnzaAafFf0Wxa8xcfEjx/qOl3rdijsKYBAtIGhtVtOlpPf/PFKfgTuFurSPn/3B/g==",
      "license": "MIT"
    },
    "node_modules/argparse": {
      "version": "2.0.1",
      "resolved": "https://registry.npmjs.org/argparse/-/argparse-2.0.1.tgz",
      "integrity": "sha512-8+9WqebbFzpX9OR+Wa6O29asIogeRMzcGtAINdpMHHyAg10f05aSFVBbcEqGf/PXw1EjAZ+q2/bEBg3DvurK3Q==",
      "license": "Python-2.0"
    },
    "node_modules/assert-never": {
      "version": "1.4.0",
      "resolved": "https://registry.npmjs.org/assert-never/-/assert-never-1.4.0.tgz",
      "integrity": "sha512-5oJg84os6NMQNl27T9LnZkvvqzvAnHu03ShCnoj6bsJwS7L8AO4lf+C/XjK/nvzEqQB744moC6V128RucQd1jA==",
      "license": "MIT"
    },
    "node_modules/callsites": {
      "version": "3.1.0",
      "resolved": "https://registry.npmjs.org/callsites/-/callsites-3.1.0.tgz",
      "integrity": "sha512-P8BjAsXvZS+VIDUI11hHCQEv74YT67YUi5JJFNWIqL235sBmjX4+qx9Muvls5ivyNENctx46xQLQ3aTuE7ssaQ==",
      "license": "MIT",
      "engines": {
        "node": ">=6"
      }
    },
    "node_modules/cosmiconfig": {
      "version": "8.3.6",
      "resolved": "https://registry.npmjs.org/cosmiconfig/-/cosmiconfig-8.3.6.tgz",
      "integrity": "sha512-kcZ6+W5QzcJ3P1Mt+83OUv/oHFqZHIx8DuxG6eZ5RGMERoLqp4BuGjhHLYGK+Kf5XVkQvqBSmAy/nGWN3qDgEA==",
      "license": "MIT",
      "dependencies": {
        "import-fresh": "^3.3.0",
        "js-yaml": "^4.1.0",
        "parse-json": "^5.2.0",
        "path-type": "^4.0.0"
      },
      "engines": {
        "node": ">=14"
      },
      "funding": {
        "url": "https://github.com/sponsors/d-fischer"
      },
      "peerDependencies": {
        "typescript": ">=4.9.5"
      },
      "peerDependenciesMeta": {
        "typescript": {
          "optional": true
        }
      }
    },
    "node_modules/error-ex": {
      "version": "1.3.4",
      "resolved": "https://registry.npmjs.org/error-ex/-/error-ex-1.3.4.tgz",
      "integrity": "sha512-sqQamAnR14VgCr1A618A3sGrygcpK+HEbenA/HiEAkkUwcZIIB/tgWqHFxWgOyDh4nB4JCRimh79dR5Ywc9MDQ==",
      "license": "MIT",
      "dependencies": {
        "is-arrayish": "^0.2.1"
      }
    },
    "node_modules/funtypes": {
      "version": "4.2.0",
      "resolved": "https://registry.npmjs.org/funtypes/-/funtypes-4.2.0.tgz",
      "integrity": "sha512-DvOtjiKvkeuXGV0O8LQh9quUP3bSOTEQPGv537Sao8kDq2rDbg48UsSJ7wlBLPzR2Mn0pV7cyAiq5pYG1oUyCQ==",
      "license": "MIT"
    },
    "node_modules/import-fresh": {
      "version": "3.3.1",
      "resolved": "https://registry.npmjs.org/import-fresh/-/import-fresh-3.3.1.tgz",
      "integrity": "sha512-TR3KfrTZTYLPB6jUjfx6MF9WcWrHL9su5TObK4ZkYgBdWKPOFoSoQIdEuTuR82pmtxH2spWG9h6etwfr1pLBqQ==",
      "license": "MIT",
      "dependencies": {
        "parent-module": "^1.0.0",
        "resolve-from": "^4.0.0"
      },
      "engines": {
        "node": ">=6"
      },
      "funding": {
        "url": "https://github.com/sponsors/sindresorhus"
      }
    },
    "node_modules/is-arrayish": {
      "version": "0.2.1",
      "resolved": "https://registry.npmjs.org/is-arrayish/-/is-arrayish-0.2.1.tgz",
      "integrity": "sha512-zz06S8t0ozoDXMG+ube26zeCTNXcKIPJZJi8hBrF4idCLms4CG9QtK7qBl1boi5ODzFpjswb5JPmHCbMpjaYzg==",
      "license": "MIT"
    },
    "node_modules/is-promise": {
      "version": "4.0.0",
      "resolved": "https://registry.npmjs.org/is-promise/-/is-promise-4.0.0.tgz",
      "integrity": "sha512-hvpoI6korhJMnej285dSg6nu1+e6uxs7zG3BYAm5byqDsgJNWwxzM6z6iZiAgQR4TJ30JmBTOwqZUw3WlyH3AQ==",
      "license": "MIT"
    },
    "node_modules/js-tokens": {
      "version": "4.0.0",
      "resolved": "https://registry.npmjs.org/js-tokens/-/js-tokens-4.0.0.tgz",
      "integrity": "sha512-RdJUflcE3cUzKiMqQgsCu06FPu9UdIJO0beYbPhHN4k6apgJtifcoCtT9bcxOpYBtpD2kCM6Sbzg4CausW/PKQ==",
      "license": "MIT"
    },
    "node_modules/js-yaml": {
      "version": "4.1.0",
      "resolved": "https://registry.npmjs.org/js-yaml/-/js-yaml-4.1.0.tgz",
      "integrity": "sha512-wpxZs9NoxZaJESJGIZTyDEaYpl0FKSA+FB9aJiyemKhMwkxQg63h4T1KJgUGHpTqPDNRcmmYLugrRjJlBtWvRA==",
      "license": "MIT",
      "dependencies": {
        "argparse": "^2.0.1"
      },
      "bin": {
        "js-yaml": "bin/js-yaml.js"
      }
    },
    "node_modules/json-parse-even-better-errors": {
      "version": "2.3.1",
      "resolved": "https://registry.npmjs.org/json-parse-even-better-errors/-/json-parse-even-better-errors-2.3.1.tgz",
      "integrity": "sha512-xyFwyhro/JEof6Ghe2iz2NcXoj2sloNsWr/XsERDK/oiPCfaNhl5ONfp+jQdAZRQQ0IJWNzH9zIZF7li91kh2w==",
      "license": "MIT"
    },
    "node_modules/lines-and-columns": {
      "version": "1.2.4",
      "resolved": "https://registry.npmjs.org/lines-and-columns/-/lines-and-columns-1.2.4.tgz",
      "integrity": "sha512-7ylylesZQ/PV29jhEDl3Ufjo6ZX7gCqJr5F7PKrqc93v7fzSymt1BpwEU8nAUXs8qzzvqhbjhK5QZg6Mt/HkBg==",
      "license": "MIT"
    },
    "node_modules/parent-module": {
      "version": "1.0.1",
      "resolved": "https://registry.npmjs.org/parent-module/-/parent-module-1.0.1.tgz",
      "integrity": "sha512-GQ2EWRpQV8/o+Aw8YqtfZZPfNRWZYkbidE9k5rpl/hC3vtHHBfGm2Ifi6qWV+coDGkrUKZAxE3Lot5kcsRlh+g==",
      "license": "MIT",
      "dependencies": {
        "callsites": "^3.0.0"
      },
      "engines": {
        "node": ">=6"
      }
    },
    "node_modules/parse-json": {
      "version": "5.2.0",
      "resolved": "https://registry.npmjs.org/parse-json/-/parse-json-5.2.0.tgz",
      "integrity": "sha512-ayCKvm/phCGxOkYRSCM82iDwct8/EonSEgCSxWxD7ve6jHggsFl4fZVQBPRNgQoKiuV/odhFrGzQXZwbifC8Rg==",
      "license": "MIT",
      "dependencies": {
        "@babel/code-frame": "^7.0.0",
        "error-ex": "^1.3.1",
        "json-parse-even-better-errors": "^2.3.0",
        "lines-and-columns": "^1.1.6"
      },
      "engines": {
        "node": ">=8"
      },
      "funding": {
        "url": "https://github.com/sponsors/sindresorhus"
      }
    },
    "node_modules/path-type": {
      "version": "4.0.0",
      "resolved": "https://registry.npmjs.org/path-type/-/path-type-4.0.0.tgz",
      "integrity": "sha512-gDKb8aZMDeD/tZWs9P6+q0J9Mwkdl6xMV8TjnGP3qJVJ06bdMgkbBlLU8IdfOsIsFz2BW1rNVT3XuNEl8zPAvw==",
      "license": "MIT",
      "engines": {
        "node": ">=8"
      }
    },
    "node_modules/pg": {
      "version": "8.16.3",
      "resolved": "https://registry.npmjs.org/pg/-/pg-8.16.3.tgz",
      "integrity": "sha512-enxc1h0jA/aq5oSDMvqyW3q89ra6XIIDZgCX9vkMrnz5DFTw/Ny3Li2lFQ+pt3L6MCgm/5o2o8HW9hiJji+xvw==",
      "license": "MIT",
      "dependencies": {
        "pg-connection-string": "^2.9.1",
        "pg-pool": "^3.10.1",
        "pg-protocol": "^1.10.3",
        "pg-types": "2.2.0",
        "pgpass": "1.0.5"
      },
      "engines": {
        "node": ">= 16.0.0"
      },
      "optionalDependencies": {
        "pg-cloudflare": "^1.2.7"
      },
      "peerDependencies": {
        "pg-native": ">=3.0.1"
      },
      "peerDependenciesMeta": {
        "pg-native": {
          "optional": true
        }
      }
    },
    "node_modules/pg-cloudflare": {
      "version": "1.2.7",
      "resolved": "https://registry.npmjs.org/pg-cloudflare/-/pg-cloudflare-1.2.7.tgz",
      "integrity": "sha512-YgCtzMH0ptvZJslLM1ffsY4EuGaU0cx4XSdXLRFae8bPP4dS5xL1tNB3k2o/N64cHJpwU7dxKli/nZ2lUa5fLg==",
      "license": "MIT",
      "optional": true
    },
    "node_modules/pg-connection-string": {
      "version": "2.9.1",
      "resolved": "https://registry.npmjs.org/pg-connection-string/-/pg-connection-string-2.9.1.tgz",
      "integrity": "sha512-nkc6NpDcvPVpZXxrreI/FOtX3XemeLl8E0qFr6F2Lrm/I8WOnaWNhIPK2Z7OHpw7gh5XJThi6j6ppgNoaT1w4w==",
      "license": "MIT"
    },
    "node_modules/pg-cursor": {
      "version": "2.15.3",
      "resolved": "https://registry.npmjs.org/pg-cursor/-/pg-cursor-2.15.3.tgz",
      "integrity": "sha512-eHw63TsiGtFEfAd7tOTZ+TLy+i/2ePKS20H84qCQ+aQ60pve05Okon9tKMC+YN3j6XyeFoHnaim7Lt9WVafQsA==",
      "license": "MIT",
      "peerDependencies": {
        "pg": "^8"
      }
    },
    "node_modules/pg-int8": {
      "version": "1.0.1",
      "resolved": "https://registry.npmjs.org/pg-int8/-/pg-int8-1.0.1.tgz",
      "integrity": "sha512-WCtabS6t3c8SkpDBUlb1kjOs7l66xsGdKpIPZsg4wR+B3+u9UAum2odSsF9tnvxg80h4ZxLWMy4pRjOsFIqQpw==",
      "license": "ISC",
      "engines": {
        "node": ">=4.0.0"
      }
    },
    "node_modules/pg-pool": {
      "version": "3.10.1",
      "resolved": "https://registry.npmjs.org/pg-pool/-/pg-pool-3.10.1.tgz",
      "integrity": "sha512-Tu8jMlcX+9d8+QVzKIvM/uJtp07PKr82IUOYEphaWcoBhIYkoHpLXN3qO59nAI11ripznDsEzEv8nUxBVWajGg==",
      "license": "MIT",
      "peerDependencies": {
        "pg": ">=8.0"
      }
    },
    "node_modules/pg-protocol": {
      "version": "1.10.3",
      "resolved": "https://registry.npmjs.org/pg-protocol/-/pg-protocol-1.10.3.tgz",
      "integrity": "sha512-6DIBgBQaTKDJyxnXaLiLR8wBpQQcGWuAESkRBX/t6OwA8YsqP+iVSiond2EDy6Y/dsGk8rh/jtax3js5NeV7JQ==",
      "license": "MIT"
    },
    "node_modules/pg-types": {
      "version": "2.2.0",
      "resolved": "https://registry.npmjs.org/pg-types/-/pg-types-2.2.0.tgz",
      "integrity": "sha512-qTAAlrEsl8s4OiEQY69wDvcMIdQN6wdz5ojQiOy6YRMuynxenON0O5oCpJI6lshc6scgAY8qvJ2On/p+CXY0GA==",
      "license": "MIT",
      "dependencies": {
        "pg-int8": "1.0.1",
        "postgres-array": "~2.0.0",
        "postgres-bytea": "~1.0.0",
        "postgres-date": "~1.0.4",
        "postgres-interval": "^1.1.0"
      },
      "engines": {
        "node": ">=4"
      }
    },
    "node_modules/pgpass": {
      "version": "1.0.5",
      "resolved": "https://registry.npmjs.org/pgpass/-/pgpass-1.0.5.tgz",
      "integrity": "sha512-FdW9r/jQZhSeohs1Z3sI1yxFQNFvMcnmfuj4WBMUTxOrAyLMaTcE1aAMBiTlbMNaXvBCQuVi0R7hd8udDSP7ug==",
      "license": "MIT",
      "dependencies": {
        "split2": "^4.1.0"
      }
    },
    "node_modules/picocolors": {
      "version": "1.1.1",
      "resolved": "https://registry.npmjs.org/picocolors/-/picocolors-1.1.1.tgz",
      "integrity": "sha512-xceH2snhtb5M9liqDsmEw56le376mTZkEX/jEb/RxNFyegNul7eNslCXP9FDj/Lcu0X8KEyMceP2ntpaHrDEVA==",
      "license": "ISC"
    },
    "node_modules/postgres-array": {
      "version": "2.0.0",
      "resolved": "https://registry.npmjs.org/postgres-array/-/postgres-array-2.0.0.tgz",
      "integrity": "sha512-VpZrUqU5A69eQyW2c5CA1jtLecCsN2U/bD6VilrFDWq5+5UIEVO7nazS3TEcHf1zuPYO/sqGvUvW62g86RXZuA==",
      "license": "MIT",
      "engines": {
        "node": ">=4"
      }
    },
    "node_modules/postgres-bytea": {
      "version": "1.0.0",
      "resolved": "https://registry.npmjs.org/postgres-bytea/-/postgres-bytea-1.0.0.tgz",
      "integrity": "sha512-xy3pmLuQqRBZBXDULy7KbaitYqLcmxigw14Q5sj8QBVLqEwXfeybIKVWiqAXTlcvdvb0+xkOtDbfQMOf4lST1w==",
      "license": "MIT",
      "engines": {
        "node": ">=0.10.0"
      }
    },
    "node_modules/postgres-date": {
      "version": "1.0.7",
      "resolved": "https://registry.npmjs.org/postgres-date/-/postgres-date-1.0.7.tgz",
      "integrity": "sha512-suDmjLVQg78nMK2UZ454hAG+OAW+HQPZ6n++TNDUX+L0+uUlLywnoxJKDou51Zm+zTCjrCl0Nq6J9C5hP9vK/Q==",
      "license": "MIT",
      "engines": {
        "node": ">=0.10.0"
      }
    },
    "node_modules/postgres-interval": {
      "version": "1.2.0",
      "resolved": "https://registry.npmjs.org/postgres-interval/-/postgres-interval-1.2.0.tgz",
      "integrity": "sha512-9ZhXKM/rw350N1ovuWHbGxnGh/SNJ4cnxHiM0rxE4VN41wsg8P8zWn9hv/buK00RP4WvlOyr/RBDiptyxVbkZQ==",
      "license": "MIT",
      "dependencies": {
        "xtend": "^4.0.0"
      },
      "engines": {
        "node": ">=0.10.0"
      }
    },
    "node_modules/resolve-from": {
      "version": "4.0.0",
      "resolved": "https://registry.npmjs.org/resolve-from/-/resolve-from-4.0.0.tgz",
      "integrity": "sha512-pb/MYmXstAkysRFx8piNI1tGFNQIFA3vkE3Gq4EuA1dF6gHp/+vgZqsCGJapvy8N3Q+4o7FwvquPJcnZ7RYy4g==",
      "license": "MIT",
      "engines": {
        "node": ">=4"
      }
    },
    "node_modules/split2": {
      "version": "4.2.0",
      "resolved": "https://registry.npmjs.org/split2/-/split2-4.2.0.tgz",
      "integrity": "sha512-UcjcJOWknrNkF6PLX83qcHM6KHgVKNkV62Y8a5uYDVv9ydGQVwAHMKqHdJje1VTWpljG0WYpCDhrCdAOYH4TWg==",
      "license": "ISC",
      "engines": {
        "node": ">= 10.x"
      }
    },
    "node_modules/xtend": {
      "version": "4.0.2",
      "resolved": "https://registry.npmjs.org/xtend/-/xtend-4.0.2.tgz",
      "integrity": "sha512-LKYU1iAXJXUgAXn9URjiu+MWhyUXHsvfp7mcuYm9dSUKK0/CjtrUwFAxD82/mCWbtLsGjFIad0wIsod4zrTAEQ==",
      "license": "MIT",
      "engines": {
        "node": ">=0.4"
      }
    }
  }
}
